
Microsoft Visual Studio Solution File, Format Version 12.00
# Visual Studio 15
VisualStudioVersion = 15.0.28010.2003
MinimumVisualStudioVersion = 10.0.40219.1
Project("{FAE04EC0-301F-11D3-BF4B-00C04F79EFBC}") = "MockStack", "Stack\MockStack.csproj", "{CA1B612A-F87C-463D-8616-FDF50250611B}"
EndProject
Global
	GlobalSection(SolutionConfigurationPlatforms) = preSolution
		Debug|Any CPU = Debug|Any CPU
		Release|Any CPU = Release|Any CPU
	EndGlobalSection
	GlobalSection(ProjectConfigurationPlatforms) = postSolution
		{CA1B612A-F87C-463D-8616-FDF50250611B}.Debug|Any CPU.ActiveCfg = Debug|Any CPU
		{CA1B612A-F87C-463D-8616-FDF50250611B}.Debug|Any CPU.Build.0 = Debug|Any CPU
		{CA1B612A-F87C-463D-8616-FDF50250611B}.Release|Any CPU.ActiveCfg = Release|Any CPU
		{CA1B612A-F87C-463D-8616-FDF50250611B}.Release|Any CPU.Build.0 = Release|Any CPU
	EndGlobalSection
	GlobalSection(SolutionProperties) = preSolution
		HideSolutionNode = FALSE
	EndGlobalSection
	GlobalSection(ExtensibilityGlobals) = postSolution
		SolutionGuid = {A665B18E-A979-4A03-A74B-C2CF1D77E437}
	EndGlobalSection
EndGlobal
