
Microsoft Visual Studio Solution File, Format Version 12.00
# Visual Studio 15
VisualStudioVersion = 15.0.28010.2003
MinimumVisualStudioVersion = 10.0.40219.1
Project("{FAE04EC0-301F-11D3-BF4B-00C04F79EFBC}") = "WorkflowEngine", "WorkflowEngine\WorkflowEngine.csproj", "{46BE3A61-5664-4BCE-A3F4-1F75CFFB2A87}"
EndProject
Global
	GlobalSection(SolutionConfigurationPlatforms) = preSolution
		Debug|Any CPU = Debug|Any CPU
		Release|Any CPU = Release|Any CPU
	EndGlobalSection
	GlobalSection(ProjectConfigurationPlatforms) = postSolution
		{46BE3A61-5664-4BCE-A3F4-1F75CFFB2A87}.Debug|Any CPU.ActiveCfg = Debug|Any CPU
		{46BE3A61-5664-4BCE-A3F4-1F75CFFB2A87}.Debug|Any CPU.Build.0 = Debug|Any CPU
		{46BE3A61-5664-4BCE-A3F4-1F75CFFB2A87}.Release|Any CPU.ActiveCfg = Release|Any CPU
		{46BE3A61-5664-4BCE-A3F4-1F75CFFB2A87}.Release|Any CPU.Build.0 = Release|Any CPU
	EndGlobalSection
	GlobalSection(SolutionProperties) = preSolution
		HideSolutionNode = FALSE
	EndGlobalSection
	GlobalSection(ExtensibilityGlobals) = postSolution
		SolutionGuid = {BEB930DB-F7C1-4DB7-AC85-59AD4765C22D}
	EndGlobalSection
EndGlobal
